
Microsoft Visual Studio Solution File, Format Version 12.00
# Visual Studio 15
VisualStudioVersion = 15.0.28307.271
MinimumVisualStudioVersion = 10.0.40219.1
Project("{8BC9CEB8-8B4A-11D0-8D11-00A0C91BC942}") = "Phys_Testing", "Phys_Testing\Phys_Testing.vcxproj", "{AA699134-8A17-41C7-8326-2981A22664AD}"
EndProject
Global
	GlobalSection(SolutionConfigurationPlatforms) = preSolution
		Debug|x64 = Debug|x64
		Debug|x86 = Debug|x86
		Release|x64 = Release|x64
		Release|x86 = Release|x86
	EndGlobalSection
	GlobalSection(ProjectConfigurationPlatforms) = postSolution
		{AA699134-8A17-41C7-8326-2981A22664AD}.Debug|x64.ActiveCfg = Debug|x64
		{AA699134-8A17-41C7-8326-2981A22664AD}.Debug|x64.Build.0 = Debug|x64
		{AA699134-8A17-41C7-8326-2981A22664AD}.Debug|x86.ActiveCfg = Debug|Win32
		{AA699134-8A17-41C7-8326-2981A22664AD}.Debug|x86.Build.0 = Debug|Win32
		{AA699134-8A17-41C7-8326-2981A22664AD}.Release|x64.ActiveCfg = Release|x64
		{AA699134-8A17-41C7-8326-2981A22664AD}.Release|x64.Build.0 = Release|x64
		{AA699134-8A17-41C7-8326-2981A22664AD}.Release|x86.ActiveCfg = Release|Win32
		{AA699134-8A17-41C7-8326-2981A22664AD}.Release|x86.Build.0 = Release|Win32
	EndGlobalSection
	GlobalSection(SolutionProperties) = preSolution
		HideSolutionNode = FALSE
	EndGlobalSection
	GlobalSection(ExtensibilityGlobals) = postSolution
		SolutionGuid = {1896FF5B-CC52-4EB7-AADB-07C280356D93}
	EndGlobalSection
EndGlobal
